
Microsoft Visual Studio Solution File, Format Version 12.00
# Visual Studio Version 16
VisualStudioVersion = 16.0.29728.190
MinimumVisualStudioVersion = 10.0.40219.1
Project("{9A19103F-16F7-4668-BE54-9A1E7A4F7556}") = "DemoApp", "DemoApp.csproj", "{C708B5DB-5CFC-4622-ADDE-F69846B39E1D}"
EndProject
Global
	GlobalSection(SolutionConfigurationPlatforms) = preSolution
		Debug|Any CPU = Debug|Any CPU
		Release|Any CPU = Release|Any CPU
	EndGlobalSection
	GlobalSection(ProjectConfigurationPlatforms) = postSolution
		{C708B5DB-5CFC-4622-ADDE-F69846B39E1D}.Debug|Any CPU.ActiveCfg = Debug|Any CPU
		{C708B5DB-5CFC-4622-ADDE-F69846B39E1D}.Debug|Any CPU.Build.0 = Debug|Any CPU
		{C708B5DB-5CFC-4622-ADDE-F69846B39E1D}.Release|Any CPU.ActiveCfg = Release|Any CPU
		{C708B5DB-5CFC-4622-ADDE-F69846B39E1D}.Release|Any CPU.Build.0 = Release|Any CPU
	EndGlobalSection
	GlobalSection(SolutionProperties) = preSolution
		HideSolutionNode = FALSE
	EndGlobalSection
	GlobalSection(ExtensibilityGlobals) = postSolution
		SolutionGuid = {EC00FE43-634F-4074-9E78-1DD415DE2DA9}
	EndGlobalSection
EndGlobal
